
Microsoft Visual Studio Solution File, Format Version 12.00
Project("{2150E333-8FDC-42A3-9474-1A3956D46DE8}") = "WebApp", "WebApp", "{8D6D5710-4353-45D7-8A99-8228FFE13C19}"
EndProject
Project("{FAE04EC0-301F-11D3-BF4B-00C04F79EFBC}") = "CoreApi", "CoreApi\CoreApi.csproj", "{43D6DAA4-4A57-4556-82E1-E21432A48DC7}"
EndProject
Project("{FAE04EC0-301F-11D3-BF4B-00C04F79EFBC}") = "Domain", "Domain\Domain.csproj", "{05FDEEF6-FFB2-43B6-BF24-D66CAE1CFB46}"
EndProject
Project("{2150E333-8FDC-42A3-9474-1A3956D46DE8}") = "Infrastructure", "Infrastructure", "{B9A4AA37-570E-44D3-97FA-DB06BB12CB9B}"
EndProject
Project("{2150E333-8FDC-42A3-9474-1A3956D46DE8}") = "API", "API", "{8ADEE298-E9AF-4FF9-926D-66E0E90CDB04}"
EndProject
Project("{2150E333-8FDC-42A3-9474-1A3956D46DE8}") = "Core", "Core", "{98635141-857A-4094-AD45-01F1D2D45504}"
EndProject
Project("{FAE04EC0-301F-11D3-BF4B-00C04F79EFBC}") = "Application", "Application\Application.csproj", "{7466088E-32E2-4B6F-B2E4-63F1E72A229E}"
EndProject
Project("{FAE04EC0-301F-11D3-BF4B-00C04F79EFBC}") = "Infrastructure", "Infrastructure\Infrastructure.csproj", "{46DB40CD-C7D0-42DE-A702-F52E6F92448A}"
EndProject
Project("{2150E333-8FDC-42A3-9474-1A3956D46DE8}") = "Test", "Test", "{A0C40323-75FD-4905-9D8D-6E36598C3909}"
EndProject
Project("{FAE04EC0-301F-11D3-BF4B-00C04F79EFBC}") = "SportNetworkingPlatform.UnitTest", "SportNetworkingPlatform.UnitTest\SportNetworkingPlatform.UnitTest.csproj", "{7589F67C-1458-4478-9452-A812FCFB493D}"
EndProject
Global
	GlobalSection(SolutionConfigurationPlatforms) = preSolution
		Debug|Any CPU = Debug|Any CPU
		Release|Any CPU = Release|Any CPU
	EndGlobalSection
	GlobalSection(NestedProjects) = preSolution
		{B9A4AA37-570E-44D3-97FA-DB06BB12CB9B} = {8D6D5710-4353-45D7-8A99-8228FFE13C19}
		{8ADEE298-E9AF-4FF9-926D-66E0E90CDB04} = {8D6D5710-4353-45D7-8A99-8228FFE13C19}
		{98635141-857A-4094-AD45-01F1D2D45504} = {8D6D5710-4353-45D7-8A99-8228FFE13C19}
		{43D6DAA4-4A57-4556-82E1-E21432A48DC7} = {8ADEE298-E9AF-4FF9-926D-66E0E90CDB04}
		{05FDEEF6-FFB2-43B6-BF24-D66CAE1CFB46} = {98635141-857A-4094-AD45-01F1D2D45504}
		{7466088E-32E2-4B6F-B2E4-63F1E72A229E} = {98635141-857A-4094-AD45-01F1D2D45504}
		{46DB40CD-C7D0-42DE-A702-F52E6F92448A} = {B9A4AA37-570E-44D3-97FA-DB06BB12CB9B}
		{A0C40323-75FD-4905-9D8D-6E36598C3909} = {8D6D5710-4353-45D7-8A99-8228FFE13C19}
		{7589F67C-1458-4478-9452-A812FCFB493D} = {A0C40323-75FD-4905-9D8D-6E36598C3909}
	EndGlobalSection
	GlobalSection(ProjectConfigurationPlatforms) = postSolution
		{43D6DAA4-4A57-4556-82E1-E21432A48DC7}.Debug|Any CPU.ActiveCfg = Debug|Any CPU
		{43D6DAA4-4A57-4556-82E1-E21432A48DC7}.Debug|Any CPU.Build.0 = Debug|Any CPU
		{43D6DAA4-4A57-4556-82E1-E21432A48DC7}.Release|Any CPU.ActiveCfg = Release|Any CPU
		{43D6DAA4-4A57-4556-82E1-E21432A48DC7}.Release|Any CPU.Build.0 = Release|Any CPU
		{05FDEEF6-FFB2-43B6-BF24-D66CAE1CFB46}.Debug|Any CPU.ActiveCfg = Debug|Any CPU
		{05FDEEF6-FFB2-43B6-BF24-D66CAE1CFB46}.Debug|Any CPU.Build.0 = Debug|Any CPU
		{05FDEEF6-FFB2-43B6-BF24-D66CAE1CFB46}.Release|Any CPU.ActiveCfg = Release|Any CPU
		{05FDEEF6-FFB2-43B6-BF24-D66CAE1CFB46}.Release|Any CPU.Build.0 = Release|Any CPU
		{7466088E-32E2-4B6F-B2E4-63F1E72A229E}.Debug|Any CPU.ActiveCfg = Debug|Any CPU
		{7466088E-32E2-4B6F-B2E4-63F1E72A229E}.Debug|Any CPU.Build.0 = Debug|Any CPU
		{7466088E-32E2-4B6F-B2E4-63F1E72A229E}.Release|Any CPU.ActiveCfg = Release|Any CPU
		{7466088E-32E2-4B6F-B2E4-63F1E72A229E}.Release|Any CPU.Build.0 = Release|Any CPU
		{46DB40CD-C7D0-42DE-A702-F52E6F92448A}.Debug|Any CPU.ActiveCfg = Debug|Any CPU
		{46DB40CD-C7D0-42DE-A702-F52E6F92448A}.Debug|Any CPU.Build.0 = Debug|Any CPU
		{46DB40CD-C7D0-42DE-A702-F52E6F92448A}.Release|Any CPU.ActiveCfg = Release|Any CPU
		{46DB40CD-C7D0-42DE-A702-F52E6F92448A}.Release|Any CPU.Build.0 = Release|Any CPU
		{7589F67C-1458-4478-9452-A812FCFB493D}.Debug|Any CPU.ActiveCfg = Debug|Any CPU
		{7589F67C-1458-4478-9452-A812FCFB493D}.Debug|Any CPU.Build.0 = Debug|Any CPU
		{7589F67C-1458-4478-9452-A812FCFB493D}.Release|Any CPU.ActiveCfg = Release|Any CPU
		{7589F67C-1458-4478-9452-A812FCFB493D}.Release|Any CPU.Build.0 = Release|Any CPU
	EndGlobalSection
EndGlobal
